version = 1
revision = 3
requires-python = ">=3.11"

[[package]]
name = "justsdk"
version = "2.4.1"
source = { editable = "." }
dependencies = [
    { name = "orjson" },
    { name = "pygments" },
    { name = "pyyaml" },
]

[package.dev-dependencies]
dev = [
    { name = "ruff" },
]

[package.metadata]
requires-dist = [
    { name = "orjson", specifier = ">=3.10.18" },
    { name = "pygments", specifier = ">=2.19.2" },
    { name = "pyyaml", specifier = ">=6.0.2" },
]

[package.metadata.requires-dev]
dev = [{ name = "ruff", specifier = ">=0.11.13" }]

[[package]]
name = "orjson"
version = "3.11.6"
source = { registry = "https://pypi.org/simple" }
sdist = { url = "https://files.pythonhosted.org/packages/70/a3/4e09c61a5f0c521cba0bb433639610ae037437669f1a4cbc93799e731d78/orjson-3.11.6.tar.gz", hash = "sha256:0a54c72259f35299fd033042367df781c2f66d10252955ca1efb7db309b954cb", size = 6175856, upload-time = "2026-01-29T15:13:07.942Z" }
wheels = [
    { url = "https://files.pythonhosted.org/packages/f3/fd/d6b0a36854179b93ed77839f107c4089d91cccc9f9ba1b752b6e3bac5f34/orjson-3.11.6-cp311-cp311-macosx_10_15_x86_64.macosx_11_0_arm64.macosx_10_15_universal2.whl", hash = "sha256:e259e85a81d76d9665f03d6129e09e4435531870de5961ddcd0bf6e3a7fde7d7", size = 250029, upload-time = "2026-01-29T15:11:35.942Z" },
    { url = "https://files.pythonhosted.org/packages/a3/bb/22902619826641cf3b627c24aab62e2ad6b571bdd1d34733abb0dd57f67a/orjson-3.11.6-cp311-cp311-macosx_15_0_arm64.whl", hash = "sha256:52263949f41b4a4822c6b1353bcc5ee2f7109d53a3b493501d3369d6d0e7937a", size = 134518, upload-time = "2026-01-29T15:11:37.347Z" },
    { url = "https://files.pythonhosted.org/packages/72/90/7a818da4bba1de711a9653c420749c0ac95ef8f8651cbc1dca551f462fe0/orjson-3.11.6-cp311-cp311-manylinux_2_17_aarch64.manylinux2014_aarch64.whl", hash = "sha256:6439e742fa7834a24698d358a27346bb203bff356ae0402e7f5df8f749c621a8", size = 137917, upload-time = "2026-01-29T15:11:38.511Z" },
    { url = "https://files.pythonhosted.org/packages/59/0f/02846c1cac8e205cb3822dd8aa8f9114acda216f41fd1999ace6b543418d/orjson-3.11.6-cp311-cp311-manylinux_2_17_armv7l.manylinux2014_armv7l.whl", hash = "sha256:b81ffd68f084b4e993e3867acb554a049fa7787cc8710bbcc1e26965580d99be", size = 134923, upload-time = "2026-01-29T15:11:39.711Z" },
    { url = "https://files.pythonhosted.org/packages/94/cf/aeaf683001b474bb3c3c757073a4231dfdfe8467fceaefa5bfd40902c99f/orjson-3.11.6-cp311-cp311-manylinux_2_17_i686.manylinux2014_i686.whl", hash = "sha256:a5a5468e5e60f7ef6d7f9044b06c8f94a3c56ba528c6e4f7f06ae95164b595ec", size = 140752, upload-time = "2026-01-29T15:11:41.347Z" },
    { url = "https://files.pythonhosted.org/packages/fc/fe/dad52d8315a65f084044a0819d74c4c9daf9ebe0681d30f525b0d29a31f0/orjson-3.11.6-cp311-cp311-manylinux_2_17_ppc64le.manylinux2014_ppc64le.whl", hash = "sha256:72c5005eb45bd2535632d4f3bec7ad392832cfc46b62a3021da3b48a67734b45", size = 144201, upload-time = "2026-01-29T15:11:42.537Z" },
    { url = "https://files.pythonhosted.org/packages/36/bc/ab070dd421565b831801077f1e390c4d4af8bfcecafc110336680a33866b/orjson-3.11.6-cp311-cp311-manylinux_2_17_s390x.manylinux2014_s390x.whl", hash = "sha256:0b14dd49f3462b014455a28a4d810d3549bf990567653eb43765cd847df09145", size = 142380, upload-time = "2026-01-29T15:11:44.309Z" },
    { url = "https://files.pythonhosted.org/packages/e6/d8/4b581c725c3a308717f28bf45a9fdac210bca08b67e8430143699413ff06/orjson-3.11.6-cp311-cp311-manylinux_2_17_x86_64.manylinux2014_x86_64.whl", hash = "sha256:6e0bb2c1ea30ef302f0f89f9bf3e7f9ab5e2af29dc9f80eb87aa99788e4e2d65", size = 145582, upload-time = "2026-01-29T15:11:45.506Z" },
    { url = "https://files.pythonhosted.org/packages/5b/a2/09aab99b39f9a7f175ea8fa29adb9933a3d01e7d5d603cdee7f1c40c8da2/orjson-3.11.6-cp311-cp311-musllinux_1_2_aarch64.whl", hash = "sha256:825e0a85d189533c6bff7e2fc417a28f6fcea53d27125c4551979aecd6c9a197", size = 147270, upload-time = "2026-01-29T15:11:46.782Z" },
    { url = "https://files.pythonhosted.org/packages/b8/2f/5ef8eaf7829dc50da3bf497c7775b21ee88437bc8c41f959aa3504ca6631/orjson-3.11.6-cp311-cp311-musllinux_1_2_armv7l.whl", hash = "sha256:b04575417a26530637f6ab4b1f7b4f666eb0433491091da4de38611f97f2fcf3", size = 421222, upload-time = "2026-01-29T15:11:48.106Z" },
    { url = "https://files.pythonhosted.org/packages/3b/b0/dd6b941294c2b5b13da5fdc7e749e58d0c55a5114ab37497155e83050e95/orjson-3.11.6-cp311-cp311-musllinux_1_2_i686.whl", hash = "sha256:b83eb2e40e8c4da6d6b340ee6b1d6125f5195eb1b0ebb7eac23c6d9d4f92d224", size = 155562, upload-time = "2026-01-29T15:11:49.408Z" },
    { url = "https://files.pythonhosted.org/packages/8e/09/43924331a847476ae2f9a16bd6d3c9dab301265006212ba0d3d7fd58763a/orjson-3.11.6-cp311-cp311-musllinux_1_2_x86_64.whl", hash = "sha256:1f42da604ee65a6b87eef858c913ce3e5777872b19321d11e6fc6d21de89b64f", size = 147432, upload-time = "2026-01-29T15:11:50.635Z" },
    { url = "https://files.pythonhosted.org/packages/5d/e9/d9865961081816909f6b49d880749dbbd88425afd7c5bbce0549e2290d77/orjson-3.11.6-cp311-cp311-win32.whl", hash = "sha256:5ae45df804f2d344cffb36c43fdf03c82fb6cd247f5faa41e21891b40dfbf733", size = 139623, upload-time = "2026-01-29T15:11:51.82Z" },
    { url = "https://files.pythonhosted.org/packages/b4/f9/6836edb92f76eec1082919101eb1145d2f9c33c8f2c5e6fa399b82a2aaa8/orjson-3.11.6-cp311-cp311-win_amd64.whl", hash = "sha256:f4295948d65ace0a2d8f2c4ccc429668b7eb8af547578ec882e16bf79b0050b2", size = 136647, upload-time = "2026-01-29T15:11:53.454Z" },
    { url = "https://files.pythonhosted.org/packages/b3/0c/4954082eea948c9ae52ee0bcbaa2f99da3216a71bcc314ab129bde22e565/orjson-3.11.6-cp311-cp311-win_arm64.whl", hash = "sha256:314e9c45e0b81b547e3a1cfa3df3e07a815821b3dac9fe8cb75014071d0c16a4", size = 135327, upload-time = "2026-01-29T15:11:56.616Z" },
    { url = "https://files.pythonhosted.org/packages/14/ba/759f2879f41910b7e5e0cdbd9cf82a4f017c527fb0e972e9869ca7fe4c8e/orjson-3.11.6-cp312-cp312-macosx_10_15_x86_64.macosx_11_0_arm64.macosx_10_15_universal2.whl", hash = "sha256:6f03f30cd8953f75f2a439070c743c7336d10ee940da918d71c6f3556af3ddcf", size = 249988, upload-time = "2026-01-29T15:11:58.294Z" },
    { url = "https://files.pythonhosted.org/packages/f0/70/54cecb929e6c8b10104fcf580b0cc7dc551aa193e83787dd6f3daba28bb5/orjson-3.11.6-cp312-cp312-macosx_15_0_arm64.whl", hash = "sha256:af44baae65ef386ad971469a8557a0673bb042b0b9fd4397becd9c2dfaa02588", size = 134445, upload-time = "2026-01-29T15:11:59.819Z" },
    { url = "https://files.pythonhosted.org/packages/f2/6f/ec0309154457b9ba1ad05f11faa4441f76037152f75e1ac577db3ce7ca96/orjson-3.11.6-cp312-cp312-manylinux_2_17_aarch64.manylinux2014_aarch64.whl", hash = "sha256:c310a48542094e4f7dbb6ac076880994986dda8ca9186a58c3cb70a3514d3231", size = 137708, upload-time = "2026-01-29T15:12:01.488Z" },
    { url = "https://files.pythonhosted.org/packages/20/52/3c71b80840f8bab9cb26417302707b7716b7d25f863f3a541bcfa232fe6e/orjson-3.11.6-cp312-cp312-manylinux_2_17_armv7l.manylinux2014_armv7l.whl", hash = "sha256:d8dfa7a5d387f15ecad94cb6b2d2d5f4aeea64efd8d526bfc03c9812d01e1cc0", size = 134798, upload-time = "2026-01-29T15:12:02.705Z" },
    { url = "https://files.pythonhosted.org/packages/30/51/b490a43b22ff736282360bd02e6bded455cf31dfc3224e01cd39f919bbd2/orjson-3.11.6-cp312-cp312-manylinux_2_17_i686.manylinux2014_i686.whl", hash = "sha256:ba8daee3e999411b50f8b50dbb0a3071dd1845f3f9a1a0a6fa6de86d1689d84d", size = 140839, upload-time = "2026-01-29T15:12:03.956Z" },
    { url = "https://files.pythonhosted.org/packages/95/bc/4bcfe4280c1bc63c5291bb96f98298845b6355da2226d3400e17e7b51e53/orjson-3.11.6-cp312-cp312-manylinux_2_17_ppc64le.manylinux2014_ppc64le.whl", hash = "sha256:f89d104c974eafd7436d7a5fdbc57f7a1e776789959a2f4f1b2eab5c62a339f4", size = 144080, upload-time = "2026-01-29T15:12:05.151Z" },
    { url = "https://files.pythonhosted.org/packages/01/74/22970f9ead9ab1f1b5f8c227a6c3aa8d71cd2c5acd005868a1d44f2362fa/orjson-3.11.6-cp312-cp312-manylinux_2_17_s390x.manylinux2014_s390x.whl", hash = "sha256:b2e2e2456788ca5ea75616c40da06fc885a7dc0389780e8a41bf7c5389ba257b", size = 142435, upload-time = "2026-01-29T15:12:06.641Z" },
    { url = "https://files.pythonhosted.org/packages/29/34/d564aff85847ab92c82ee43a7a203683566c2fca0723a5f50aebbe759603/orjson-3.11.6-cp312-cp312-manylinux_2_17_x86_64.manylinux2014_x86_64.whl", hash = "sha256:2a42efebc45afabb1448001e90458c4020d5c64fbac8a8dc4045b777db76cb5a", size = 145631, upload-time = "2026-01-29T15:12:08.351Z" },
    { url = "https://files.pythonhosted.org/packages/e7/ef/016957a3890752c4aa2368326ea69fa53cdc1fdae0a94a542b6410dbdf52/orjson-3.11.6-cp312-cp312-musllinux_1_2_aarch64.whl", hash = "sha256:71b7cbef8471324966c3738c90ba38775563ef01b512feb5ad4805682188d1b9", size = 147058, upload-time = "2026-01-29T15:12:10.023Z" },
    { url = "https://files.pythonhosted.org/packages/56/cc/9a899c3972085645b3225569f91a30e221f441e5dc8126e6d060b971c252/orjson-3.11.6-cp312-cp312-musllinux_1_2_armv7l.whl", hash = "sha256:f8515e5910f454fe9a8e13c2bb9dc4bae4c1836313e967e72eb8a4ad874f0248", size = 421161, upload-time = "2026-01-29T15:12:11.308Z" },
    { url = "https://files.pythonhosted.org/packages/21/a8/767d3fbd6d9b8fdee76974db40619399355fd49bf91a6dd2c4b6909ccf05/orjson-3.11.6-cp312-cp312-musllinux_1_2_i686.whl", hash = "sha256:300360edf27c8c9bf7047345a94fddf3a8b8922df0ff69d71d854a170cb375cf", size = 155757, upload-time = "2026-01-29T15:12:12.776Z" },
    { url = "https://files.pythonhosted.org/packages/ad/0b/205cd69ac87e2272e13ef3f5f03a3d4657e317e38c1b08aaa2ef97060bbc/orjson-3.11.6-cp312-cp312-musllinux_1_2_x86_64.whl", hash = "sha256:caaed4dad39e271adfadc106fab634d173b2bb23d9cf7e67bd645f879175ebfc", size = 147446, upload-time = "2026-01-29T15:12:14.166Z" },
    { url = "https://files.pythonhosted.org/packages/de/c5/dd9f22aa9f27c54c7d05cc32f4580c9ac9b6f13811eeb81d6c4c3f50d6b1/orjson-3.11.6-cp312-cp312-win32.whl", hash = "sha256:955368c11808c89793e847830e1b1007503a5923ddadc108547d3b77df761044", size = 139717, upload-time = "2026-01-29T15:12:15.7Z" },
    { url = "https://files.pythonhosted.org/packages/23/a1/e62fc50d904486970315a1654b8cfb5832eb46abb18cd5405118e7e1fc79/orjson-3.11.6-cp312-cp312-win_amd64.whl", hash = "sha256:2c68de30131481150073d90a5d227a4a421982f42c025ecdfb66157f9579e06f", size = 136711, upload-time = "2026-01-29T15:12:17.055Z" },
    { url = "https://files.pythonhosted.org/packages/04/3d/b4fefad8bdf91e0fe212eb04975aeb36ea92997269d68857efcc7eb1dda3/orjson-3.11.6-cp312-cp312-win_arm64.whl", hash = "sha256:65dfa096f4e3a5e02834b681f539a87fbe85adc82001383c0db907557f666bfc", size = 135212, upload-time = "2026-01-29T15:12:18.3Z" },
    { url = "https://files.pythonhosted.org/packages/ae/45/d9c71c8c321277bc1ceebf599bc55ba826ae538b7c61f287e9a7e71bd589/orjson-3.11.6-cp313-cp313-macosx_10_15_x86_64.macosx_11_0_arm64.macosx_10_15_universal2.whl", hash = "sha256:e4ae1670caabb598a88d385798692ce2a1b2f078971b3329cfb85253c6097f5b", size = 249828, upload-time = "2026-01-29T15:12:20.14Z" },
    { url = "https://files.pythonhosted.org/packages/ac/7e/4afcf4cfa9c2f93846d70eee9c53c3c0123286edcbeb530b7e9bd2aea1b2/orjson-3.11.6-cp313-cp313-macosx_15_0_arm64.whl", hash = "sha256:2c6b81f47b13dac2caa5d20fbc953c75eb802543abf48403a4703ed3bff225f0", size = 134339, upload-time = "2026-01-29T15:12:22.01Z" },
    { url = "https://files.pythonhosted.org/packages/40/10/6d2b8a064c8d2411d3d0ea6ab43125fae70152aef6bea77bb50fa54d4097/orjson-3.11.6-cp313-cp313-manylinux_2_17_aarch64.manylinux2014_aarch64.whl", hash = "sha256:647d6d034e463764e86670644bdcaf8e68b076e6e74783383b01085ae9ab334f", size = 137662, upload-time = "2026-01-29T15:12:23.307Z" },
    { url = "https://files.pythonhosted.org/packages/5a/50/5804ea7d586baf83ee88969eefda97a24f9a5bdba0727f73e16305175b26/orjson-3.11.6-cp313-cp313-manylinux_2_17_armv7l.manylinux2014_armv7l.whl", hash = "sha256:8523b9cc4ef174ae52414f7699e95ee657c16aa18b3c3c285d48d7966cce9081", size = 134626, upload-time = "2026-01-29T15:12:25.099Z" },
    { url = "https://files.pythonhosted.org/packages/9e/2e/f0492ed43e376722bb4afd648e06cc1e627fc7ec8ff55f6ee739277813ea/orjson-3.11.6-cp313-cp313-manylinux_2_17_i686.manylinux2014_i686.whl", hash = "sha256:313dfd7184cde50c733fc0d5c8c0e2f09017b573afd11dc36bd7476b30b4cb17", size = 140873, upload-time = "2026-01-29T15:12:26.369Z" },
    { url = "https://files.pythonhosted.org/packages/10/15/6f874857463421794a303a39ac5494786ad46a4ab46d92bda6705d78c5aa/orjson-3.11.6-cp313-cp313-manylinux_2_17_ppc64le.manylinux2014_ppc64le.whl", hash = "sha256:905ee036064ff1e1fd1fb800055ac477cdcb547a78c22c1bc2bbf8d5d1a6fb42", size = 144044, upload-time = "2026-01-29T15:12:28.082Z" },
    { url = "https://files.pythonhosted.org/packages/d2/c7/b7223a3a70f1d0cc2d86953825de45f33877ee1b124a91ca1f79aa6e643f/orjson-3.11.6-cp313-cp313-manylinux_2_17_s390x.manylinux2014_s390x.whl", hash = "sha256:ce374cb98411356ba906914441fc993f271a7a666d838d8de0e0900dd4a4bc12", size = 142396, upload-time = "2026-01-29T15:12:30.529Z" },
    { url = "https://files.pythonhosted.org/packages/87/e3/aa1b6d3ad3cd80f10394134f73ae92a1d11fdbe974c34aa199cc18bb5fcf/orjson-3.11.6-cp313-cp313-manylinux_2_17_x86_64.manylinux2014_x86_64.whl", hash = "sha256:cded072b9f65fcfd188aead45efa5bd528ba552add619b3ad2a81f67400ec450", size = 145600, upload-time = "2026-01-29T15:12:31.848Z" },
    { url = "https://files.pythonhosted.org/packages/f6/cf/e4aac5a46cbd39d7e769ef8650efa851dfce22df1ba97ae2b33efe893b12/orjson-3.11.6-cp313-cp313-musllinux_1_2_aarch64.whl", hash = "sha256:7ab85bdbc138e1f73a234db6bb2e4cc1f0fcec8f4bd2bd2430e957a01aadf746", size = 146967, upload-time = "2026-01-29T15:12:33.203Z" },
    { url = "https://files.pythonhosted.org/packages/0b/04/975b86a4bcf6cfeda47aad15956d52fbeda280811206e9967380fa9355c8/orjson-3.11.6-cp313-cp313-musllinux_1_2_armv7l.whl", hash = "sha256:351b96b614e3c37a27b8ab048239ebc1e0be76cc17481a430d70a77fb95d3844", size = 421003, upload-time = "2026-01-29T15:12:35.097Z" },
    { url = "https://files.pythonhosted.org/packages/28/d1/0369d0baf40eea5ff2300cebfe209883b2473ab4aa4c4974c8bd5ee42bb2/orjson-3.11.6-cp313-cp313-musllinux_1_2_i686.whl", hash = "sha256:f9959c85576beae5cdcaaf39510b15105f1ee8b70d5dacd90152617f57be8c83", size = 155695, upload-time = "2026-01-29T15:12:36.589Z" },
    { url = "https://files.pythonhosted.org/packages/ab/1f/d10c6d6ae26ff1d7c3eea6fd048280ef2e796d4fb260c5424fd021f68ecf/orjson-3.11.6-cp313-cp313-musllinux_1_2_x86_64.whl", hash = "sha256:75682d62b1b16b61a30716d7a2ec1f4c36195de4a1c61f6665aedd947b93a5d5", size = 147392, upload-time = "2026-01-29T15:12:37.876Z" },
    { url = "https://files.pythonhosted.org/packages/8d/43/7479921c174441a0aa5277c313732e20713c0969ac303be9f03d88d3db5d/orjson-3.11.6-cp313-cp313-win32.whl", hash = "sha256:40dc277999c2ef227dcc13072be879b4cfd325502daeb5c35ed768f706f2bf30", size = 139718, upload-time = "2026-01-29T15:12:39.274Z" },
    { url = "https://files.pythonhosted.org/packages/88/bc/9ffe7dfbf8454bc4e75bb8bf3a405ed9e0598df1d3535bb4adcd46be07d0/orjson-3.11.6-cp313-cp313-win_amd64.whl", hash = "sha256:f0f6e9f8ff7905660bc3c8a54cd4a675aa98f7f175cf00a59815e2ff42c0d916", size = 136635, upload-time = "2026-01-29T15:12:40.593Z" },
    { url = "https://files.pythonhosted.org/packages/6f/7e/51fa90b451470447ea5023b20d83331ec741ae28d1e6d8ed547c24e7de14/orjson-3.11.6-cp313-cp313-win_arm64.whl", hash = "sha256:1608999478664de848e5900ce41f25c4ecdfc4beacbc632b6fd55e1a586e5d38", size = 135175, upload-time = "2026-01-29T15:12:41.997Z" },
    { url = "https://files.pythonhosted.org/packages/31/9f/46ca908abaeeec7560638ff20276ab327b980d73b3cc2f5b205b4a1c60b3/orjson-3.11.6-cp314-cp314-macosx_10_15_x86_64.macosx_11_0_arm64.macosx_10_15_universal2.whl", hash = "sha256:6026db2692041d2a23fe2545606df591687787825ad5821971ef0974f2c47630", size = 249823, upload-time = "2026-01-29T15:12:43.332Z" },
    { url = "https://files.pythonhosted.org/packages/ff/78/ca478089818d18c9cd04f79c43f74ddd031b63c70fa2a946eb5e85414623/orjson-3.11.6-cp314-cp314-macosx_15_0_arm64.whl", hash = "sha256:132b0ab2e20c73afa85cf142e547511feb3d2f5b7943468984658f3952b467d4", size = 134328, upload-time = "2026-01-29T15:12:45.171Z" },
    { url = "https://files.pythonhosted.org/packages/39/5e/cbb9d830ed4e47f4375ad8eef8e4fff1bf1328437732c3809054fc4e80be/orjson-3.11.6-cp314-cp314-manylinux_2_17_aarch64.manylinux2014_aarch64.whl", hash = "sha256:b376fb05f20a96ec117d47987dd3b39265c635725bda40661b4c5b73b77b5fde", size = 137651, upload-time = "2026-01-29T15:12:46.602Z" },
    { url = "https://files.pythonhosted.org/packages/7c/3a/35df6558c5bc3a65ce0961aefee7f8364e59af78749fc796ea255bfa0cf5/orjson-3.11.6-cp314-cp314-manylinux_2_17_armv7l.manylinux2014_armv7l.whl", hash = "sha256:954dae4e080574672a1dfcf2a840eddef0f27bd89b0e94903dd0824e9c1db060", size = 134596, upload-time = "2026-01-29T15:12:47.95Z" },
    { url = "https://files.pythonhosted.org/packages/cd/8e/3d32dd7b7f26a19cc4512d6ed0ae3429567c71feef720fe699ff43c5bc9e/orjson-3.11.6-cp314-cp314-manylinux_2_17_i686.manylinux2014_i686.whl", hash = "sha256:fe515bb89d59e1e4b48637a964f480b35c0a2676de24e65e55310f6016cca7ce", size = 140923, upload-time = "2026-01-29T15:12:49.333Z" },
    { url = "https://files.pythonhosted.org/packages/6c/9c/1efbf5c99b3304f25d6f0d493a8d1492ee98693637c10ce65d57be839d7b/orjson-3.11.6-cp314-cp314-manylinux_2_17_ppc64le.manylinux2014_ppc64le.whl", hash = "sha256:380f9709c275917af28feb086813923251e11ee10687257cd7f1ea188bcd4485", size = 144068, upload-time = "2026-01-29T15:12:50.927Z" },
    { url = "https://files.pythonhosted.org/packages/82/83/0d19eeb5be797de217303bbb55dde58dba26f996ed905d301d98fd2d4637/orjson-3.11.6-cp314-cp314-manylinux_2_17_s390x.manylinux2014_s390x.whl", hash = "sha256:a8173e0d3f6081e7034c51cf984036d02f6bab2a2126de5a759d79f8e5a140e7", size = 142493, upload-time = "2026-01-29T15:12:52.432Z" },
    { url = "https://files.pythonhosted.org/packages/32/a7/573fec3df4dc8fc259b7770dc6c0656f91adce6e19330c78d23f87945d1e/orjson-3.11.6-cp314-cp314-manylinux_2_17_x86_64.manylinux2014_x86_64.whl", hash = "sha256:6dddf9ba706294906c56ef5150a958317b09aa3a8a48df1c52ccf22ec1907eac", size = 145616, upload-time = "2026-01-29T15:12:53.903Z" },
    { url = "https://files.pythonhosted.org/packages/c2/0e/23551b16f21690f7fd5122e3cf40fdca5d77052a434d0071990f97f5fe2f/orjson-3.11.6-cp314-cp314-musllinux_1_2_aarch64.whl", hash = "sha256:cbae5c34588dc79938dffb0b6fbe8c531f4dc8a6ad7f39759a9eb5d2da405ef2", size = 146951, upload-time = "2026-01-29T15:12:55.698Z" },
    { url = "https://files.pythonhosted.org/packages/b8/63/5e6c8f39805c39123a18e412434ea364349ee0012548d08aa586e2bd6aa9/orjson-3.11.6-cp314-cp314-musllinux_1_2_armv7l.whl", hash = "sha256:f75c318640acbddc419733b57f8a07515e587a939d8f54363654041fd1f4e465", size = 421024, upload-time = "2026-01-29T15:12:57.434Z" },
    { url = "https://files.pythonhosted.org/packages/1d/4d/724975cf0087f6550bd01fd62203418afc0ea33fd099aed318c5bcc52df8/orjson-3.11.6-cp314-cp314-musllinux_1_2_i686.whl", hash = "sha256:e0ab8d13aa2a3e98b4a43487c9205b2c92c38c054b4237777484d503357c8437", size = 155774, upload-time = "2026-01-29T15:12:59.397Z" },
    { url = "https://files.pythonhosted.org/packages/a8/a3/f4c4e3f46b55db29e0a5f20493b924fc791092d9a03ff2068c9fe6c1002f/orjson-3.11.6-cp314-cp314-musllinux_1_2_x86_64.whl", hash = "sha256:f884c7fb1020d44612bd7ac0db0babba0e2f78b68d9a650c7959bf99c783773f", size = 147393, upload-time = "2026-01-29T15:13:00.769Z" },
    { url = "https://files.pythonhosted.org/packages/ee/86/6f5529dd27230966171ee126cecb237ed08e9f05f6102bfaf63e5b32277d/orjson-3.11.6-cp314-cp314-win32.whl", hash = "sha256:8d1035d1b25732ec9f971e833a3e299d2b1a330236f75e6fd945ad982c76aaf3", size = 139760, upload-time = "2026-01-29T15:13:02.173Z" },
    { url = "https://files.pythonhosted.org/packages/d3/b5/91ae7037b2894a6b5002fb33f4fbccec98424a928469835c3837fbb22a9b/orjson-3.11.6-cp314-cp314-win_amd64.whl", hash = "sha256:931607a8865d21682bb72de54231655c86df1870502d2962dbfd12c82890d077", size = 136633, upload-time = "2026-01-29T15:13:04.267Z" },
    { url = "https://files.pythonhosted.org/packages/55/74/f473a3ec7a0a7ebc825ca8e3c86763f7d039f379860c81ba12dcdd456547/orjson-3.11.6-cp314-cp314-win_arm64.whl", hash = "sha256:fe71f6b283f4f1832204ab8235ce07adad145052614f77c876fcf0dac97bc06f", size = 135168, upload-time = "2026-01-29T15:13:05.932Z" },
]

[[package]]
name = "pygments"
version = "2.19.2"
source = { registry = "https://pypi.org/simple" }
sdist = { url = "https://files.pythonhosted.org/packages/b0/77/a5b8c569bf593b0140bde72ea885a803b82086995367bf2037de0159d924/pygments-2.19.2.tar.gz", hash = "sha256:636cb2477cec7f8952536970bc533bc43743542f70392ae026374600add5b887", size = 4968631, upload-time = "2025-06-21T13:39:12.283Z" }
wheels = [
    { url = "https://files.pythonhosted.org/packages/c7/21/705964c7812476f378728bdf590ca4b771ec72385c533964653c68e86bdc/pygments-2.19.2-py3-none-any.whl", hash = "sha256:86540386c03d588bb81d44bc3928634ff26449851e99741617ecb9037ee5ec0b", size = 1225217, upload-time = "2025-06-21T13:39:07.939Z" },
]

[[package]]
name = "pyyaml"
version = "6.0.2"
source = { registry = "https://pypi.org/simple" }
sdist = { url = "https://files.pythonhosted.org/packages/54/ed/79a089b6be93607fa5cdaedf301d7dfb23af5f25c398d5ead2525b063e17/pyyaml-6.0.2.tar.gz", hash = "sha256:d584d9ec91ad65861cc08d42e834324ef890a082e591037abe114850ff7bbc3e", size = 130631, upload-time = "2024-08-06T20:33:50.674Z" }
wheels = [
    { url = "https://files.pythonhosted.org/packages/f8/aa/7af4e81f7acba21a4c6be026da38fd2b872ca46226673c89a758ebdc4fd2/PyYAML-6.0.2-cp311-cp311-macosx_10_9_x86_64.whl", hash = "sha256:cc1c1159b3d456576af7a3e4d1ba7e6924cb39de8f67111c735f6fc832082774", size = 184612, upload-time = "2024-08-06T20:32:03.408Z" },
    { url = "https://files.pythonhosted.org/packages/8b/62/b9faa998fd185f65c1371643678e4d58254add437edb764a08c5a98fb986/PyYAML-6.0.2-cp311-cp311-macosx_11_0_arm64.whl", hash = "sha256:1e2120ef853f59c7419231f3bf4e7021f1b936f6ebd222406c3b60212205d2ee", size = 172040, upload-time = "2024-08-06T20:32:04.926Z" },
    { url = "https://files.pythonhosted.org/packages/ad/0c/c804f5f922a9a6563bab712d8dcc70251e8af811fce4524d57c2c0fd49a4/PyYAML-6.0.2-cp311-cp311-manylinux_2_17_aarch64.manylinux2014_aarch64.whl", hash = "sha256:5d225db5a45f21e78dd9358e58a98702a0302f2659a3c6cd320564b75b86f47c", size = 736829, upload-time = "2024-08-06T20:32:06.459Z" },
    { url = "https://files.pythonhosted.org/packages/51/16/6af8d6a6b210c8e54f1406a6b9481febf9c64a3109c541567e35a49aa2e7/PyYAML-6.0.2-cp311-cp311-manylinux_2_17_s390x.manylinux2014_s390x.whl", hash = "sha256:5ac9328ec4831237bec75defaf839f7d4564be1e6b25ac710bd1a96321cc8317", size = 764167, upload-time = "2024-08-06T20:32:08.338Z" },
    { url = "https://files.pythonhosted.org/packages/75/e4/2c27590dfc9992f73aabbeb9241ae20220bd9452df27483b6e56d3975cc5/PyYAML-6.0.2-cp311-cp311-manylinux_2_17_x86_64.manylinux2014_x86_64.whl", hash = "sha256:3ad2a3decf9aaba3d29c8f537ac4b243e36bef957511b4766cb0057d32b0be85", size = 762952, upload-time = "2024-08-06T20:32:14.124Z" },
    { url = "https://files.pythonhosted.org/packages/9b/97/ecc1abf4a823f5ac61941a9c00fe501b02ac3ab0e373c3857f7d4b83e2b6/PyYAML-6.0.2-cp311-cp311-musllinux_1_1_aarch64.whl", hash = "sha256:ff3824dc5261f50c9b0dfb3be22b4567a6f938ccce4587b38952d85fd9e9afe4", size = 735301, upload-time = "2024-08-06T20:32:16.17Z" },
    { url = "https://files.pythonhosted.org/packages/45/73/0f49dacd6e82c9430e46f4a027baa4ca205e8b0a9dce1397f44edc23559d/PyYAML-6.0.2-cp311-cp311-musllinux_1_1_x86_64.whl", hash = "sha256:797b4f722ffa07cc8d62053e4cff1486fa6dc094105d13fea7b1de7d8bf71c9e", size = 756638, upload-time = "2024-08-06T20:32:18.555Z" },
    { url = "https://files.pythonhosted.org/packages/22/5f/956f0f9fc65223a58fbc14459bf34b4cc48dec52e00535c79b8db361aabd/PyYAML-6.0.2-cp311-cp311-win32.whl", hash = "sha256:11d8f3dd2b9c1207dcaf2ee0bbbfd5991f571186ec9cc78427ba5bd32afae4b5", size = 143850, upload-time = "2024-08-06T20:32:19.889Z" },
    { url = "https://files.pythonhosted.org/packages/ed/23/8da0bbe2ab9dcdd11f4f4557ccaf95c10b9811b13ecced089d43ce59c3c8/PyYAML-6.0.2-cp311-cp311-win_amd64.whl", hash = "sha256:e10ce637b18caea04431ce14fabcf5c64a1c61ec9c56b071a4b7ca131ca52d44", size = 161980, upload-time = "2024-08-06T20:32:21.273Z" },
    { url = "https://files.pythonhosted.org/packages/86/0c/c581167fc46d6d6d7ddcfb8c843a4de25bdd27e4466938109ca68492292c/PyYAML-6.0.2-cp312-cp312-macosx_10_9_x86_64.whl", hash = "sha256:c70c95198c015b85feafc136515252a261a84561b7b1d51e3384e0655ddf25ab", size = 183873, upload-time = "2024-08-06T20:32:25.131Z" },
    { url = "https://files.pythonhosted.org/packages/a8/0c/38374f5bb272c051e2a69281d71cba6fdb983413e6758b84482905e29a5d/PyYAML-6.0.2-cp312-cp312-macosx_11_0_arm64.whl", hash = "sha256:ce826d6ef20b1bc864f0a68340c8b3287705cae2f8b4b1d932177dcc76721725", size = 173302, upload-time = "2024-08-06T20:32:26.511Z" },
    { url = "https://files.pythonhosted.org/packages/c3/93/9916574aa8c00aa06bbac729972eb1071d002b8e158bd0e83a3b9a20a1f7/PyYAML-6.0.2-cp312-cp312-manylinux_2_17_aarch64.manylinux2014_aarch64.whl", hash = "sha256:1f71ea527786de97d1a0cc0eacd1defc0985dcf6b3f17bb77dcfc8c34bec4dc5", size = 739154, upload-time = "2024-08-06T20:32:28.363Z" },
    { url = "https://files.pythonhosted.org/packages/95/0f/b8938f1cbd09739c6da569d172531567dbcc9789e0029aa070856f123984/PyYAML-6.0.2-cp312-cp312-manylinux_2_17_s390x.manylinux2014_s390x.whl", hash = "sha256:9b22676e8097e9e22e36d6b7bda33190d0d400f345f23d4065d48f4ca7ae0425", size = 766223, upload-time = "2024-08-06T20:32:30.058Z" },
    { url = "https://files.pythonhosted.org/packages/b9/2b/614b4752f2e127db5cc206abc23a8c19678e92b23c3db30fc86ab731d3bd/PyYAML-6.0.2-cp312-cp312-manylinux_2_17_x86_64.manylinux2014_x86_64.whl", hash = "sha256:80bab7bfc629882493af4aa31a4cfa43a4c57c83813253626916b8c7ada83476", size = 767542, upload-time = "2024-08-06T20:32:31.881Z" },
    { url = "https://files.pythonhosted.org/packages/d4/00/dd137d5bcc7efea1836d6264f049359861cf548469d18da90cd8216cf05f/PyYAML-6.0.2-cp312-cp312-musllinux_1_1_aarch64.whl", hash = "sha256:0833f8694549e586547b576dcfaba4a6b55b9e96098b36cdc7ebefe667dfed48", size = 731164, upload-time = "2024-08-06T20:32:37.083Z" },
    { url = "https://files.pythonhosted.org/packages/c9/1f/4f998c900485e5c0ef43838363ba4a9723ac0ad73a9dc42068b12aaba4e4/PyYAML-6.0.2-cp312-cp312-musllinux_1_1_x86_64.whl", hash = "sha256:8b9c7197f7cb2738065c481a0461e50ad02f18c78cd75775628afb4d7137fb3b", size = 756611, upload-time = "2024-08-06T20:32:38.898Z" },
    { url = "https://files.pythonhosted.org/packages/df/d1/f5a275fdb252768b7a11ec63585bc38d0e87c9e05668a139fea92b80634c/PyYAML-6.0.2-cp312-cp312-win32.whl", hash = "sha256:ef6107725bd54b262d6dedcc2af448a266975032bc85ef0172c5f059da6325b4", size = 140591, upload-time = "2024-08-06T20:32:40.241Z" },
    { url = "https://files.pythonhosted.org/packages/0c/e8/4f648c598b17c3d06e8753d7d13d57542b30d56e6c2dedf9c331ae56312e/PyYAML-6.0.2-cp312-cp312-win_amd64.whl", hash = "sha256:7e7401d0de89a9a855c839bc697c079a4af81cf878373abd7dc625847d25cbd8", size = 156338, upload-time = "2024-08-06T20:32:41.93Z" },
    { url = "https://files.pythonhosted.org/packages/ef/e3/3af305b830494fa85d95f6d95ef7fa73f2ee1cc8ef5b495c7c3269fb835f/PyYAML-6.0.2-cp313-cp313-macosx_10_13_x86_64.whl", hash = "sha256:efdca5630322a10774e8e98e1af481aad470dd62c3170801852d752aa7a783ba", size = 181309, upload-time = "2024-08-06T20:32:43.4Z" },
    { url = "https://files.pythonhosted.org/packages/45/9f/3b1c20a0b7a3200524eb0076cc027a970d320bd3a6592873c85c92a08731/PyYAML-6.0.2-cp313-cp313-macosx_11_0_arm64.whl", hash = "sha256:50187695423ffe49e2deacb8cd10510bc361faac997de9efef88badc3bb9e2d1", size = 171679, upload-time = "2024-08-06T20:32:44.801Z" },
    { url = "https://files.pythonhosted.org/packages/7c/9a/337322f27005c33bcb656c655fa78325b730324c78620e8328ae28b64d0c/PyYAML-6.0.2-cp313-cp313-manylinux_2_17_aarch64.manylinux2014_aarch64.whl", hash = "sha256:0ffe8360bab4910ef1b9e87fb812d8bc0a308b0d0eef8c8f44e0254ab3b07133", size = 733428, upload-time = "2024-08-06T20:32:46.432Z" },
    { url = "https://files.pythonhosted.org/packages/a3/69/864fbe19e6c18ea3cc196cbe5d392175b4cf3d5d0ac1403ec3f2d237ebb5/PyYAML-6.0.2-cp313-cp313-manylinux_2_17_s390x.manylinux2014_s390x.whl", hash = "sha256:17e311b6c678207928d649faa7cb0d7b4c26a0ba73d41e99c4fff6b6c3276484", size = 763361, upload-time = "2024-08-06T20:32:51.188Z" },
    { url = "https://files.pythonhosted.org/packages/04/24/b7721e4845c2f162d26f50521b825fb061bc0a5afcf9a386840f23ea19fa/PyYAML-6.0.2-cp313-cp313-manylinux_2_17_x86_64.manylinux2014_x86_64.whl", hash = "sha256:70b189594dbe54f75ab3a1acec5f1e3faa7e8cf2f1e08d9b561cb41b845f69d5", size = 759523, upload-time = "2024-08-06T20:32:53.019Z" },
    { url = "https://files.pythonhosted.org/packages/2b/b2/e3234f59ba06559c6ff63c4e10baea10e5e7df868092bf9ab40e5b9c56b6/PyYAML-6.0.2-cp313-cp313-musllinux_1_1_aarch64.whl", hash = "sha256:41e4e3953a79407c794916fa277a82531dd93aad34e29c2a514c2c0c5fe971cc", size = 726660, upload-time = "2024-08-06T20:32:54.708Z" },
    { url = "https://files.pythonhosted.org/packages/fe/0f/25911a9f080464c59fab9027482f822b86bf0608957a5fcc6eaac85aa515/PyYAML-6.0.2-cp313-cp313-musllinux_1_1_x86_64.whl", hash = "sha256:68ccc6023a3400877818152ad9a1033e3db8625d899c72eacb5a668902e4d652", size = 751597, upload-time = "2024-08-06T20:32:56.985Z" },
    { url = "https://files.pythonhosted.org/packages/14/0d/e2c3b43bbce3cf6bd97c840b46088a3031085179e596d4929729d8d68270/PyYAML-6.0.2-cp313-cp313-win32.whl", hash = "sha256:bc2fa7c6b47d6bc618dd7fb02ef6fdedb1090ec036abab80d4681424b84c1183", size = 140527, upload-time = "2024-08-06T20:33:03.001Z" },
    { url = "https://files.pythonhosted.org/packages/fa/de/02b54f42487e3d3c6efb3f89428677074ca7bf43aae402517bc7cca949f3/PyYAML-6.0.2-cp313-cp313-win_amd64.whl", hash = "sha256:8388ee1976c416731879ac16da0aff3f63b286ffdd57cdeb95f3f2e085687563", size = 156446, upload-time = "2024-08-06T20:33:04.33Z" },
]

[[package]]
name = "ruff"
version = "0.12.2"
source = { registry = "https://pypi.org/simple" }
sdist = { url = "https://files.pythonhosted.org/packages/6c/3d/d9a195676f25d00dbfcf3cf95fdd4c685c497fcfa7e862a44ac5e4e96480/ruff-0.12.2.tar.gz", hash = "sha256:d7b4f55cd6f325cb7621244f19c873c565a08aff5a4ba9c69aa7355f3f7afd3e", size = 4432239, upload-time = "2025-07-03T16:40:19.566Z" }
wheels = [
    { url = "https://files.pythonhosted.org/packages/74/b6/2098d0126d2d3318fd5bec3ad40d06c25d377d95749f7a0c5af17129b3b1/ruff-0.12.2-py3-none-linux_armv6l.whl", hash = "sha256:093ea2b221df1d2b8e7ad92fc6ffdca40a2cb10d8564477a987b44fd4008a7be", size = 10369761, upload-time = "2025-07-03T16:39:38.847Z" },
    { url = "https://files.pythonhosted.org/packages/b1/4b/5da0142033dbe155dc598cfb99262d8ee2449d76920ea92c4eeb9547c208/ruff-0.12.2-py3-none-macosx_10_12_x86_64.whl", hash = "sha256:09e4cf27cc10f96b1708100fa851e0daf21767e9709e1649175355280e0d950e", size = 11155659, upload-time = "2025-07-03T16:39:42.294Z" },
    { url = "https://files.pythonhosted.org/packages/3e/21/967b82550a503d7c5c5c127d11c935344b35e8c521f52915fc858fb3e473/ruff-0.12.2-py3-none-macosx_11_0_arm64.whl", hash = "sha256:8ae64755b22f4ff85e9c52d1f82644abd0b6b6b6deedceb74bd71f35c24044cc", size = 10537769, upload-time = "2025-07-03T16:39:44.75Z" },
    { url = "https://files.pythonhosted.org/packages/33/91/00cff7102e2ec71a4890fb7ba1803f2cdb122d82787c7d7cf8041fe8cbc1/ruff-0.12.2-py3-none-manylinux_2_17_aarch64.manylinux2014_aarch64.whl", hash = "sha256:3eb3a6b2db4d6e2c77e682f0b988d4d61aff06860158fdb413118ca133d57922", size = 10717602, upload-time = "2025-07-03T16:39:47.652Z" },
    { url = "https://files.pythonhosted.org/packages/9b/eb/928814daec4e1ba9115858adcda44a637fb9010618721937491e4e2283b8/ruff-0.12.2-py3-none-manylinux_2_17_armv7l.manylinux2014_armv7l.whl", hash = "sha256:73448de992d05517170fc37169cbca857dfeaeaa8c2b9be494d7bcb0d36c8f4b", size = 10198772, upload-time = "2025-07-03T16:39:49.641Z" },
    { url = "https://files.pythonhosted.org/packages/50/fa/f15089bc20c40f4f72334f9145dde55ab2b680e51afb3b55422effbf2fb6/ruff-0.12.2-py3-none-manylinux_2_17_i686.manylinux2014_i686.whl", hash = "sha256:3b8b94317cbc2ae4a2771af641739f933934b03555e51515e6e021c64441532d", size = 11845173, upload-time = "2025-07-03T16:39:52.069Z" },
    { url = "https://files.pythonhosted.org/packages/43/9f/1f6f98f39f2b9302acc161a4a2187b1e3a97634fe918a8e731e591841cf4/ruff-0.12.2-py3-none-manylinux_2_17_ppc64.manylinux2014_ppc64.whl", hash = "sha256:45fc42c3bf1d30d2008023a0a9a0cfb06bf9835b147f11fe0679f21ae86d34b1", size = 12553002, upload-time = "2025-07-03T16:39:54.551Z" },
    { url = "https://files.pythonhosted.org/packages/d8/70/08991ac46e38ddd231c8f4fd05ef189b1b94be8883e8c0c146a025c20a19/ruff-0.12.2-py3-none-manylinux_2_17_ppc64le.manylinux2014_ppc64le.whl", hash = "sha256:ce48f675c394c37e958bf229fb5c1e843e20945a6d962cf3ea20b7a107dcd9f4", size = 12171330, upload-time = "2025-07-03T16:39:57.55Z" },
    { url = "https://files.pythonhosted.org/packages/88/a9/5a55266fec474acfd0a1c73285f19dd22461d95a538f29bba02edd07a5d9/ruff-0.12.2-py3-none-manylinux_2_17_s390x.manylinux2014_s390x.whl", hash = "sha256:793d8859445ea47591272021a81391350205a4af65a9392401f418a95dfb75c9", size = 11774717, upload-time = "2025-07-03T16:39:59.78Z" },
    { url = "https://files.pythonhosted.org/packages/87/e5/0c270e458fc73c46c0d0f7cf970bb14786e5fdb88c87b5e423a4bd65232b/ruff-0.12.2-py3-none-manylinux_2_17_x86_64.manylinux2014_x86_64.whl", hash = "sha256:6932323db80484dda89153da3d8e58164d01d6da86857c79f1961934354992da", size = 11646659, upload-time = "2025-07-03T16:40:01.934Z" },
    { url = "https://files.pythonhosted.org/packages/b7/b6/45ab96070c9752af37f0be364d849ed70e9ccede07675b0ec4e3ef76b63b/ruff-0.12.2-py3-none-musllinux_1_2_aarch64.whl", hash = "sha256:6aa7e623a3a11538108f61e859ebf016c4f14a7e6e4eba1980190cacb57714ce", size = 10604012, upload-time = "2025-07-03T16:40:04.363Z" },
    { url = "https://files.pythonhosted.org/packages/86/91/26a6e6a424eb147cc7627eebae095cfa0b4b337a7c1c413c447c9ebb72fd/ruff-0.12.2-py3-none-musllinux_1_2_armv7l.whl", hash = "sha256:2a4a20aeed74671b2def096bdf2eac610c7d8ffcbf4fb0e627c06947a1d7078d", size = 10176799, upload-time = "2025-07-03T16:40:06.514Z" },
    { url = "https://files.pythonhosted.org/packages/f5/0c/9f344583465a61c8918a7cda604226e77b2c548daf8ef7c2bfccf2b37200/ruff-0.12.2-py3-none-musllinux_1_2_i686.whl", hash = "sha256:71a4c550195612f486c9d1f2b045a600aeba851b298c667807ae933478fcef04", size = 11241507, upload-time = "2025-07-03T16:40:08.708Z" },
    { url = "https://files.pythonhosted.org/packages/1c/b7/99c34ded8fb5f86c0280278fa89a0066c3760edc326e935ce0b1550d315d/ruff-0.12.2-py3-none-musllinux_1_2_x86_64.whl", hash = "sha256:4987b8f4ceadf597c927beee65a5eaf994c6e2b631df963f86d8ad1bdea99342", size = 11717609, upload-time = "2025-07-03T16:40:10.836Z" },
    { url = "https://files.pythonhosted.org/packages/51/de/8589fa724590faa057e5a6d171e7f2f6cffe3287406ef40e49c682c07d89/ruff-0.12.2-py3-none-win32.whl", hash = "sha256:369ffb69b70cd55b6c3fc453b9492d98aed98062db9fec828cdfd069555f5f1a", size = 10523823, upload-time = "2025-07-03T16:40:13.203Z" },
    { url = "https://files.pythonhosted.org/packages/94/47/8abf129102ae4c90cba0c2199a1a9b0fa896f6f806238d6f8c14448cc748/ruff-0.12.2-py3-none-win_amd64.whl", hash = "sha256:dca8a3b6d6dc9810ed8f328d406516bf4d660c00caeaef36eb831cf4871b0639", size = 11629831, upload-time = "2025-07-03T16:40:15.478Z" },
    { url = "https://files.pythonhosted.org/packages/e2/1f/72d2946e3cc7456bb837e88000eb3437e55f80db339c840c04015a11115d/ruff-0.12.2-py3-none-win_arm64.whl", hash = "sha256:48d6c6bfb4761df68bc05ae630e24f506755e702d4fb08f08460be778c7ccb12", size = 10735334, upload-time = "2025-07-03T16:40:17.677Z" },
]
